
Microsoft Visual Studio Solution File, Format Version 12.00
# Visual Studio Version 17
VisualStudioVersion = 17.5.33530.505
MinimumVisualStudioVersion = 10.0.40219.1
Project("{FAE04EC0-301F-11D3-BF4B-00C04F79EFBC}") = "SendSmseliPayamak.Web", "SendSmseliPayamak.Web\SendSmseliPayamak.Web.csproj", "{5B8E749D-2742-42B5-9B3F-C1168C83A9D8}"
EndProject
Global
	GlobalSection(SolutionConfigurationPlatforms) = preSolution
		Debug|Any CPU = Debug|Any CPU
		Release|Any CPU = Release|Any CPU
	EndGlobalSection
	GlobalSection(ProjectConfigurationPlatforms) = postSolution
		{5B8E749D-2742-42B5-9B3F-C1168C83A9D8}.Debug|Any CPU.ActiveCfg = Debug|Any CPU
		{5B8E749D-2742-42B5-9B3F-C1168C83A9D8}.Debug|Any CPU.Build.0 = Debug|Any CPU
		{5B8E749D-2742-42B5-9B3F-C1168C83A9D8}.Release|Any CPU.ActiveCfg = Release|Any CPU
		{5B8E749D-2742-42B5-9B3F-C1168C83A9D8}.Release|Any CPU.Build.0 = Release|Any CPU
	EndGlobalSection
	GlobalSection(SolutionProperties) = preSolution
		HideSolutionNode = FALSE
	EndGlobalSection
	GlobalSection(ExtensibilityGlobals) = postSolution
		SolutionGuid = {3571413A-5617-4C20-8CAA-FFCD1ADC21CF}
	EndGlobalSection
EndGlobal
